
Microsoft Visual Studio Solution File, Format Version 12.00
# Visual Studio Version 17
VisualStudioVersion = 17.10.35027.167
MinimumVisualStudioVersion = 10.0.40219.1
Project("{9A19103F-16F7-4668-BE54-9A1E7A4F7556}") = "InventarioApi", "InventarioApi\InventarioApi.csproj", "{3B774BBF-061A-4816-B9BF-C3C4FB2C9282}"
EndProject
Project("{9A19103F-16F7-4668-BE54-9A1E7A4F7556}") = "DataAccess.EFCore", "DataAcces.EFCore\DataAccess.EFCore.csproj", "{51E8DBBD-7EB3-4BC4-8BBB-665FCB85562A}"
EndProject
Project("{9A19103F-16F7-4668-BE54-9A1E7A4F7556}") = "Domain", "Domain\Domain.csproj", "{C4692AB8-C71F-49F5-B611-BE8255AC2F5E}"
EndProject
Global
	GlobalSection(SolutionConfigurationPlatforms) = preSolution
		Debug|Any CPU = Debug|Any CPU
		Release|Any CPU = Release|Any CPU
	EndGlobalSection
	GlobalSection(ProjectConfigurationPlatforms) = postSolution
		{3B774BBF-061A-4816-B9BF-C3C4FB2C9282}.Debug|Any CPU.ActiveCfg = Debug|Any CPU
		{3B774BBF-061A-4816-B9BF-C3C4FB2C9282}.Debug|Any CPU.Build.0 = Debug|Any CPU
		{3B774BBF-061A-4816-B9BF-C3C4FB2C9282}.Release|Any CPU.ActiveCfg = Release|Any CPU
		{3B774BBF-061A-4816-B9BF-C3C4FB2C9282}.Release|Any CPU.Build.0 = Release|Any CPU
		{51E8DBBD-7EB3-4BC4-8BBB-665FCB85562A}.Debug|Any CPU.ActiveCfg = Debug|Any CPU
		{51E8DBBD-7EB3-4BC4-8BBB-665FCB85562A}.Debug|Any CPU.Build.0 = Debug|Any CPU
		{51E8DBBD-7EB3-4BC4-8BBB-665FCB85562A}.Release|Any CPU.ActiveCfg = Release|Any CPU
		{51E8DBBD-7EB3-4BC4-8BBB-665FCB85562A}.Release|Any CPU.Build.0 = Release|Any CPU
		{C4692AB8-C71F-49F5-B611-BE8255AC2F5E}.Debug|Any CPU.ActiveCfg = Debug|Any CPU
		{C4692AB8-C71F-49F5-B611-BE8255AC2F5E}.Debug|Any CPU.Build.0 = Debug|Any CPU
		{C4692AB8-C71F-49F5-B611-BE8255AC2F5E}.Release|Any CPU.ActiveCfg = Release|Any CPU
		{C4692AB8-C71F-49F5-B611-BE8255AC2F5E}.Release|Any CPU.Build.0 = Release|Any CPU
	EndGlobalSection
	GlobalSection(SolutionProperties) = preSolution
		HideSolutionNode = FALSE
	EndGlobalSection
	GlobalSection(ExtensibilityGlobals) = postSolution
		SolutionGuid = {B4DAD078-6084-4D4E-AA24-41AAF79DF73F}
	EndGlobalSection
EndGlobal
